Microsoft Visual Studio Solution File, Format Version 12.00
# Visual Studio Version 17
VisualStudioVersion = 17.5.2.0
MinimumVisualStudioVersion = 10.0.40219.1
Project("{FAE04EC0-301F-11D3-BF4B-00C04F79EFBC}") = "OnlineFoodOrderingSystem", "OnlineFoodOrderingSystem.csproj", "{9531B7E9-974A-EA0C-66AE-43F71C1B2C69}"
EndProject
Global
	GlobalSection(SolutionConfigurationPlatforms) = preSolution
		Debug|Any CPU = Debug|Any CPU
		Release|Any CPU = Release|Any CPU
	EndGlobalSection
	GlobalSection(ProjectConfigurationPlatforms) = postSolution
		{9531B7E9-974A-EA0C-66AE-43F71C1B2C69}.Debug|Any CPU.ActiveCfg = Debug|Any CPU
		{9531B7E9-974A-EA0C-66AE-43F71C1B2C69}.Debug|Any CPU.Build.0 = Debug|Any CPU
		{9531B7E9-974A-EA0C-66AE-43F71C1B2C69}.Release|Any CPU.ActiveCfg = Release|Any CPU
		{9531B7E9-974A-EA0C-66AE-43F71C1B2C69}.Release|Any CPU.Build.0 = Release|Any CPU
	EndGlobalSection
	GlobalSection(SolutionProperties) = preSolution
		HideSolutionNode = FALSE
	EndGlobalSection
	GlobalSection(ExtensibilityGlobals) = postSolution
		SolutionGuid = {2B57C308-6E45-4F08-A5FC-D42019335A48}
	EndGlobalSection
EndGlobal
